# This file is automatically @generated by Cargo.
# It is not intended for manual editing.
version = 4

[[package]]
name = "blkdev"
version = "0.1.0"
dependencies = [
 "libkenix",
 "libvirtio",
]

[[package]]
name = "console"
version = "0.1.0"
dependencies = [
 "libkenix",
]

[[package]]
name = "fbdev"
version = "0.1.0"
dependencies = [
 "libkenix",
 "libvirtio",
]

[[package]]
name = "forktest"
version = "0.1.0"
dependencies = [
 "libkenix",
]

[[package]]
name = "hello"
version = "0.1.0"
dependencies = [
 "libkenix",
]

[[package]]
name = "init"
version = "0.1.0"
dependencies = [
 "libkenix",
]

[[package]]
name = "kbdev"
version = "0.1.0"
dependencies = [
 "libkenix",
 "libvirtio",
]

[[package]]
name = "libkenix"
version = "0.1.0"

[[package]]
name = "libvirtio"
version = "0.1.0"

[[package]]
name = "netdev"
version = "0.1.0"
dependencies = [
 "libkenix",
 "libvirtio",
]

[[package]]
name = "pipeserv"
version = "0.1.0"
dependencies = [
 "libkenix",
]

[[package]]
name = "vfs"
version = "0.1.0"
dependencies = [
 "libkenix",
]
